
Microsoft Visual Studio Solution File, Format Version 12.00
# Visual Studio Version 17
VisualStudioVersion = 17.7.34031.279
MinimumVisualStudioVersion = 10.0.40219.1
Project("{FAE04EC0-301F-11D3-BF4B-00C04F79EFBC}") = "DatabaseMapper", "DatabaseMapper\DatabaseMapper.csproj", "{73935A73-5733-46D7-96E1-0BE92EF2E7BE}"
EndProject
Global
	GlobalSection(SolutionConfigurationPlatforms) = preSolution
		Debug|Any CPU = Debug|Any CPU
		Release|Any CPU = Release|Any CPU
	EndGlobalSection
	GlobalSection(ProjectConfigurationPlatforms) = postSolution
		{73935A73-5733-46D7-96E1-0BE92EF2E7BE}.Debug|Any CPU.ActiveCfg = Debug|Any CPU
		{73935A73-5733-46D7-96E1-0BE92EF2E7BE}.Debug|Any CPU.Build.0 = Debug|Any CPU
		{73935A73-5733-46D7-96E1-0BE92EF2E7BE}.Release|Any CPU.ActiveCfg = Release|Any CPU
		{73935A73-5733-46D7-96E1-0BE92EF2E7BE}.Release|Any CPU.Build.0 = Release|Any CPU
	EndGlobalSection
	GlobalSection(SolutionProperties) = preSolution
		HideSolutionNode = FALSE
	EndGlobalSection
	GlobalSection(ExtensibilityGlobals) = postSolution
		SolutionGuid = {1492E8DB-DD04-4A88-BEA4-5B8F7F0AFB10}
	EndGlobalSection
EndGlobal
